<?xml version="1.0" encoding="utf-8"?>
<Project ToolsVersion="4.0" xmlns="http://schemas.microsoft.com/developer/msbuild/2003">
  <ItemGroup>
    <Filter Include="Header Files">
      <UniqueIdentifier>{a4527b7e-307a-42b8-9c87-c2ca79867382}</UniqueIdentifier>
    </Filter>
    <Filter Include="SourceFiles">
      <UniqueIdentifier>{ce42586c-1b09-4405-9b0a-778073053582}</UniqueIdentifier>
    </Filter>
  </ItemGroup>
  <ItemGroup>
    <ClInclude Include="..\..\Include\Aladdin.CAPI.h">
      <Filter>Header Files</Filter>
    </ClInclude>
    <ClInclude Include="Aladdin.CAPI.OpenSSL.h">
      <Filter>Header Files</Filter>
    </ClInclude>
    <ClInclude Include="Aladdin.CAPI.OpenSSL.hpp">
      <Filter>Header Files</Filter>
    </ClInclude>
    <ClInclude Include="capi.h">
      <Filter>Header Files</Filter>
    </ClInclude>
    <ClInclude Include="pch.h">
      <Filter>Header Files</Filter>
    </ClInclude>
    <ClInclude Include="ui.h">
      <Filter>Header Files</Filter>
    </ClInclude>
    <ClInclude Include="wxwidgets.h">
      <Filter>Header Files</Filter>
    </ClInclude>
  </ItemGroup>
  <ItemGroup>
    <ClCompile Include="Aladdin.CAPI.OpenSSL.cpp">
      <Filter>SourceFiles</Filter>
    </ClCompile>
    <ClCompile Include="capi.cpp">
      <Filter>SourceFiles</Filter>
    </ClCompile>
    <ClCompile Include="dllmain.cpp">
      <Filter>SourceFiles</Filter>
    </ClCompile>
    <ClCompile Include="pch.cpp">
      <Filter>SourceFiles</Filter>
    </ClCompile>
    <ClCompile Include="ui.cpp">
      <Filter>SourceFiles</Filter>
    </ClCompile>
    <ClCompile Include="wxwidgets.cpp">
      <Filter>SourceFiles</Filter>
    </ClCompile>
  </ItemGroup>
</Project>