<?xml version="1.0" encoding="utf-8"?>
<Project ToolsVersion="4.0" xmlns="http://schemas.microsoft.com/developer/msbuild/2003">
  <ItemGroup>
    <Filter Include="Source Files">
      <UniqueIdentifier>{4FC737F1-C7A5-4376-A066-2A32D752A2FF}</UniqueIdentifier>
      <Extensions>cpp;c;cc;cxx;def;odl;idl;hpj;bat;asm;asmx</Extensions>
    </Filter>
    <Filter Include="Header Files">
      <UniqueIdentifier>{93995380-89BD-4b04-88EB-625FBE52EBFB}</UniqueIdentifier>
      <Extensions>h;hpp;hxx;hm;inl;inc;xsd</Extensions>
    </Filter>
    <Filter Include="Resource Files">
      <UniqueIdentifier>{67DA6AB6-F800-4c08-8B7A-83BB121AAD01}</UniqueIdentifier>
      <Extensions>rc;ico;cur;bmp;dlg;rc2;rct;bin;rgs;gif;jpg;jpeg;jpe;resx</Extensions>
    </Filter>
    <Filter Include="Header Files\Hash">
      <UniqueIdentifier>{1480fff0-9ae7-4911-ab86-8facf102348c}</UniqueIdentifier>
    </Filter>
    <Filter Include="Header Files\MAC">
      <UniqueIdentifier>{5dbd357d-6dd2-4651-9a95-23315e88f163}</UniqueIdentifier>
    </Filter>
    <Filter Include="Header Files\Cipher">
      <UniqueIdentifier>{f00480e4-12d4-4823-9480-5f55f94e865f}</UniqueIdentifier>
    </Filter>
    <Filter Include="Header Files\Sign">
      <UniqueIdentifier>{492c5f57-0a11-41cd-9012-1efa223f60f1}</UniqueIdentifier>
    </Filter>
    <Filter Include="Header Files\Keyx">
      <UniqueIdentifier>{c1188bb8-84f2-47e9-bdbf-bb8cfadde808}</UniqueIdentifier>
    </Filter>
    <Filter Include="Header Files\GOSTR3410">
      <UniqueIdentifier>{b57b6d13-892d-4784-83b4-2f8c9d6b893c}</UniqueIdentifier>
    </Filter>
    <Filter Include="Source Files\Hash">
      <UniqueIdentifier>{18be5a32-e574-4216-9cd5-73c59664eeb2}</UniqueIdentifier>
    </Filter>
    <Filter Include="Header Files\Wrap">
      <UniqueIdentifier>{bb37385e-9d33-4476-ac57-77a32d01b787}</UniqueIdentifier>
    </Filter>
    <Filter Include="Source Files\Wrap">
      <UniqueIdentifier>{98a855b2-acfd-4edd-abfe-9c0083d83ae9}</UniqueIdentifier>
    </Filter>
    <Filter Include="Source Files\Cipher">
      <UniqueIdentifier>{4befc59c-c7aa-446a-ac89-eb5002a386d1}</UniqueIdentifier>
    </Filter>
    <Filter Include="Source Files\GOSTR3410">
      <UniqueIdentifier>{e0a37765-7a9c-4c08-af35-538acc15db20}</UniqueIdentifier>
    </Filter>
    <Filter Include="Header Files\Sign\GOSTR3410">
      <UniqueIdentifier>{4ad31fc9-955d-497d-98e0-6117e69d581f}</UniqueIdentifier>
    </Filter>
    <Filter Include="Source Files\Sign">
      <UniqueIdentifier>{2d3b58a0-e226-4d09-8fca-e3ea8a54db1a}</UniqueIdentifier>
    </Filter>
    <Filter Include="Source Files\Sign\GOSTR3410">
      <UniqueIdentifier>{20cd725f-84b0-44ee-a46f-5bd094cb722b}</UniqueIdentifier>
    </Filter>
    <Filter Include="Header Files\Keyx\GOSTR3410">
      <UniqueIdentifier>{6d3e2d6a-07d3-4c21-a446-95bf4d3089b7}</UniqueIdentifier>
    </Filter>
    <Filter Include="Source Files\Keyx">
      <UniqueIdentifier>{b0c4ec3e-1378-4e5a-8445-14dac265d1fc}</UniqueIdentifier>
    </Filter>
    <Filter Include="Source Files\Keyx\GOSTR3410">
      <UniqueIdentifier>{8115a092-26e7-41a8-9fbb-f123679181bc}</UniqueIdentifier>
    </Filter>
    <Filter Include="Source Files\Keyx\MAC">
      <UniqueIdentifier>{3b1d3ba3-1a7a-4ed6-9474-c42e9eea0fb1}</UniqueIdentifier>
    </Filter>
  </ItemGroup>
  <ItemGroup>
    <ClCompile Include="Container.cpp">
      <Filter>Source Files</Filter>
    </ClCompile>
    <ClCompile Include="Entry.cpp">
      <Filter>Source Files</Filter>
    </ClCompile>
    <ClCompile Include="Info.cpp">
      <Filter>Source Files</Filter>
    </ClCompile>
    <ClCompile Include="Provider.cpp">
      <Filter>Source Files</Filter>
    </ClCompile>
    <ClCompile Include="Stdafx.cpp">
      <Filter>Source Files</Filter>
    </ClCompile>
    <ClCompile Include="Test.cpp">
      <Filter>Source Files</Filter>
    </ClCompile>
    <ClCompile Include="Hash\GOSTR3411_1994.cpp">
      <Filter>Source Files\Hash</Filter>
    </ClCompile>
    <ClCompile Include="MAC\HMAC_GOSTR3411_1994.cpp">
      <Filter>Source Files\Keyx\MAC</Filter>
    </ClCompile>
    <ClCompile Include="MAC\HMAC_GOSTR3411_2012.cpp">
      <Filter>Source Files\Keyx\MAC</Filter>
    </ClCompile>
    <ClCompile Include="Wrap\RFC4357.cpp">
      <Filter>Source Files\Wrap</Filter>
    </ClCompile>
    <ClCompile Include="Cipher\GOST28147.cpp">
      <Filter>Source Files\Cipher</Filter>
    </ClCompile>
    <ClCompile Include="RegistryContainer.cpp">
      <Filter>Source Files</Filter>
    </ClCompile>
    <ClCompile Include="RegistryStore.cpp">
      <Filter>Source Files</Filter>
    </ClCompile>
    <ClCompile Include="SCardStore.cpp">
      <Filter>Source Files</Filter>
    </ClCompile>
    <ClCompile Include="PasswordService.cpp">
      <Filter>Source Files</Filter>
    </ClCompile>
    <ClCompile Include="Provider2001.cpp">
      <Filter>Source Files</Filter>
    </ClCompile>
    <ClCompile Include="Provider2012_256.cpp">
      <Filter>Source Files</Filter>
    </ClCompile>
    <ClCompile Include="Provider2012_512.cpp">
      <Filter>Source Files</Filter>
    </ClCompile>
    <ClCompile Include="SecretKeyType.cpp">
      <Filter>Source Files</Filter>
    </ClCompile>
    <ClCompile Include="MAC\MAC_GOST28147.cpp">
      <Filter>Source Files\Keyx\MAC</Filter>
    </ClCompile>
    <ClCompile Include="Sign\GOSTR3410\GOSTR3410SignHash.cpp">
      <Filter>Source Files\Sign\GOSTR3410</Filter>
    </ClCompile>
    <ClCompile Include="Sign\GOSTR3410\GOSTR3410VerifyHash.cpp">
      <Filter>Source Files\Sign\GOSTR3410</Filter>
    </ClCompile>
    <ClCompile Include="Keyx\GOSTR3410\GOSTR3410KeyAgreement.cpp">
      <Filter>Source Files\Keyx\GOSTR3410</Filter>
    </ClCompile>
    <ClCompile Include="GOSTR3410\GOSTR3410KeyPairGenerator.cpp">
      <Filter>Source Files\GOSTR3410</Filter>
    </ClCompile>
    <ClCompile Include="GOSTR3410\GOSTR3410PrivateKey.cpp">
      <Filter>Source Files\GOSTR3410</Filter>
    </ClCompile>
  </ItemGroup>
  <ItemGroup>
    <ClInclude Include="Container.h">
      <Filter>Header Files</Filter>
    </ClInclude>
    <ClInclude Include="Provider.h">
      <Filter>Header Files</Filter>
    </ClInclude>
    <ClInclude Include="Stdafx.h">
      <Filter>Header Files</Filter>
    </ClInclude>
    <ClInclude Include="resource.h">
      <Filter>Header Files</Filter>
    </ClInclude>
    <ClInclude Include="Hash\GOSTR3411_1994.h">
      <Filter>Header Files\Hash</Filter>
    </ClInclude>
    <ClInclude Include="Hash\GOSTR3411_2012.h">
      <Filter>Header Files\Hash</Filter>
    </ClInclude>
    <ClInclude Include="MAC\HMAC_GOSTR3411_1994.h">
      <Filter>Header Files\MAC</Filter>
    </ClInclude>
    <ClInclude Include="MAC\HMAC_GOSTR3411_2012.h">
      <Filter>Header Files\MAC</Filter>
    </ClInclude>
    <ClInclude Include="Wrap\RFC4357.h">
      <Filter>Header Files\Wrap</Filter>
    </ClInclude>
    <ClInclude Include="Wrap\RFC4357_CPRO.h">
      <Filter>Header Files\Wrap</Filter>
    </ClInclude>
    <ClInclude Include="Cipher\GOST28147.h">
      <Filter>Header Files\Cipher</Filter>
    </ClInclude>
    <ClInclude Include="RegistryContainer.h">
      <Filter>Header Files</Filter>
    </ClInclude>
    <ClInclude Include="SCardContainer.h">
      <Filter>Header Files</Filter>
    </ClInclude>
    <ClInclude Include="RegistryStore.h">
      <Filter>Header Files</Filter>
    </ClInclude>
    <ClInclude Include="SCardStore.h">
      <Filter>Header Files</Filter>
    </ClInclude>
    <ClInclude Include="SCardStores.h">
      <Filter>Header Files</Filter>
    </ClInclude>
    <ClInclude Include="PasswordService.h">
      <Filter>Header Files</Filter>
    </ClInclude>
    <ClInclude Include="Provider2001.h">
      <Filter>Header Files</Filter>
    </ClInclude>
    <ClInclude Include="Provider2012_256.h">
      <Filter>Header Files</Filter>
    </ClInclude>
    <ClInclude Include="Provider2012_512.h">
      <Filter>Header Files</Filter>
    </ClInclude>
    <ClInclude Include="Wrap\RFC4357_NONE.h">
      <Filter>Header Files\Wrap</Filter>
    </ClInclude>
    <ClInclude Include="Wrap\RFC4357_TC26.h">
      <Filter>Header Files\Wrap</Filter>
    </ClInclude>
    <ClInclude Include="SecretKeyType.h">
      <Filter>Header Files</Filter>
    </ClInclude>
    <ClInclude Include="Sign\GOSTR3410\GOSTR3410SignData2001.h">
      <Filter>Header Files\Sign\GOSTR3410</Filter>
    </ClInclude>
    <ClInclude Include="Sign\GOSTR3410\GOSTR3410SignHash.h">
      <Filter>Header Files\Sign\GOSTR3410</Filter>
    </ClInclude>
    <ClInclude Include="Sign\GOSTR3410\GOSTR3410VerifyData2001.h">
      <Filter>Header Files\Sign\GOSTR3410</Filter>
    </ClInclude>
    <ClInclude Include="Sign\GOSTR3410\GOSTR3410VerifyHash.h">
      <Filter>Header Files\Sign\GOSTR3410</Filter>
    </ClInclude>
    <ClInclude Include="MAC\MAC_GOST28147.h">
      <Filter>Header Files\MAC</Filter>
    </ClInclude>
    <ClInclude Include="Keyx\GOSTR3410\GOSTR3410KeyAgreement.h">
      <Filter>Header Files\Keyx\GOSTR3410</Filter>
    </ClInclude>
    <ClInclude Include="GOSTR3410\GOSTR3410KeyPairGenerator.h">
      <Filter>Header Files\GOSTR3410</Filter>
    </ClInclude>
    <ClInclude Include="GOSTR3410\GOSTR3410PrivateKey.h">
      <Filter>Header Files\GOSTR3410</Filter>
    </ClInclude>
  </ItemGroup>
  <ItemGroup>
    <ResourceCompile Include="Aladdin.CAPI.CSP.CryptoPro.rc">
      <Filter>Resource Files</Filter>
    </ResourceCompile>
  </ItemGroup>
</Project>