<?xml version="1.0" encoding="utf-8"?>
<Project ToolsVersion="4.0" xmlns="http://schemas.microsoft.com/developer/msbuild/2003">
  <ItemGroup>
    <Filter Include="Source Files">
      <UniqueIdentifier>{4FC737F1-C7A5-4376-A066-2A32D752A2FF}</UniqueIdentifier>
      <Extensions>cpp;c;cc;cxx;c++;cppm;ixx;def;odl;idl;hpj;bat;asm;asmx</Extensions>
    </Filter>
    <Filter Include="Header Files">
      <UniqueIdentifier>{93995380-89BD-4b04-88EB-625FBE52EBFB}</UniqueIdentifier>
      <Extensions>h;hh;hpp;hxx;h++;hm;inl;inc;ipp;xsd</Extensions>
    </Filter>
    <Filter Include="Resource Files">
      <UniqueIdentifier>{67DA6AB6-F800-4c08-8B7A-83BB121AAD01}</UniqueIdentifier>
      <Extensions>rc;ico;cur;bmp;dlg;rc2;rct;bin;rgs;gif;jpg;jpeg;jpe;resx;tiff;tif;png;wav;mfcribbon-ms</Extensions>
    </Filter>
  </ItemGroup>
  <ItemGroup>
    <ClInclude Include="pch.h">
      <Filter>Header Files</Filter>
    </ClInclude>
    <ClInclude Include="..\..\Include\crypto.h">
      <Filter>Header Files</Filter>
    </ClInclude>
    <ClInclude Include="extension.h">
      <Filter>Header Files</Filter>
    </ClInclude>
    <ClInclude Include="..\..\Include\asn1.h">
      <Filter>Header Files</Filter>
    </ClInclude>
    <ClInclude Include="..\..\Include\convert.h">
      <Filter>Header Files</Filter>
    </ClInclude>
    <ClInclude Include="..\..\Include\cert.h">
      <Filter>Header Files</Filter>
    </ClInclude>
    <ClInclude Include="rsa.h">
      <Filter>Header Files</Filter>
    </ClInclude>
    <ClInclude Include="cryptox.h">
      <Filter>Header Files</Filter>
    </ClInclude>
    <ClInclude Include="dsa.h">
      <Filter>Header Files</Filter>
    </ClInclude>
    <ClInclude Include="bcng.h">
      <Filter>Header Files</Filter>
    </ClInclude>
    <ClInclude Include="csp.h">
      <Filter>Header Files</Filter>
    </ClInclude>
    <ClInclude Include="ncng.h">
      <Filter>Header Files</Filter>
    </ClInclude>
    <ClInclude Include="dh.h">
      <Filter>Header Files</Filter>
    </ClInclude>
    <ClInclude Include="..\..\Include\scard.h">
      <Filter>Header Files</Filter>
    </ClInclude>
    <ClInclude Include="ssl.h">
      <Filter>Header Files</Filter>
    </ClInclude>
    <ClInclude Include="..\..\Include\padding.h">
      <Filter>Header Files</Filter>
    </ClInclude>
    <ClInclude Include="..\..\Include\derive.h">
      <Filter>Header Files</Filter>
    </ClInclude>
    <ClInclude Include="ecc.h">
      <Filter>Header Files</Filter>
    </ClInclude>
    <ClInclude Include="asn1x.h">
      <Filter>Header Files</Filter>
    </ClInclude>
    <ClInclude Include="..\..\Include\cryptdef.h">
      <Filter>Header Files</Filter>
    </ClInclude>
    <ClInclude Include="pcxx.h">
      <Filter>Header Files</Filter>
    </ClInclude>
  </ItemGroup>
  <ItemGroup>
    <ClCompile Include="dllmain.cpp">
      <Filter>Source Files</Filter>
    </ClCompile>
    <ClCompile Include="pch.cpp">
      <Filter>Source Files</Filter>
    </ClCompile>
    <ClCompile Include="extension.cpp">
      <Filter>Source Files</Filter>
    </ClCompile>
    <ClCompile Include="asn1.cpp">
      <Filter>Source Files</Filter>
    </ClCompile>
    <ClCompile Include="convert.cpp">
      <Filter>Source Files</Filter>
    </ClCompile>
    <ClCompile Include="cert.cpp">
      <Filter>Source Files</Filter>
    </ClCompile>
    <ClCompile Include="csp.cpp">
      <Filter>Source Files</Filter>
    </ClCompile>
    <ClCompile Include="bcng.cpp">
      <Filter>Source Files</Filter>
    </ClCompile>
    <ClCompile Include="cryptox.cpp">
      <Filter>Source Files</Filter>
    </ClCompile>
    <ClCompile Include="ncng.cpp">
      <Filter>Source Files</Filter>
    </ClCompile>
    <ClCompile Include="rsa.cpp">
      <Filter>Source Files</Filter>
    </ClCompile>
    <ClCompile Include="dh.cpp">
      <Filter>Source Files</Filter>
    </ClCompile>
    <ClCompile Include="dsa.cpp">
      <Filter>Source Files</Filter>
    </ClCompile>
    <ClCompile Include="scard.cpp">
      <Filter>Source Files</Filter>
    </ClCompile>
    <ClCompile Include="ssl.cpp">
      <Filter>Source Files</Filter>
    </ClCompile>
    <ClCompile Include="padding.cpp">
      <Filter>Source Files</Filter>
    </ClCompile>
    <ClCompile Include="derive.cpp">
      <Filter>Source Files</Filter>
    </ClCompile>
    <ClCompile Include="ecc.cpp">
      <Filter>Source Files</Filter>
    </ClCompile>
    <ClCompile Include="pcxx.cpp">
      <Filter>Source Files</Filter>
    </ClCompile>
  </ItemGroup>
</Project>