<?xml version="1.0" encoding="utf-8"?>
<Project ToolsVersion="4.0" xmlns="http://schemas.microsoft.com/developer/msbuild/2003">
  <ItemGroup>
    <Filter Include="Header Files">
      <UniqueIdentifier>{4a8a6acb-ef2e-4b4f-afc9-9b39e6341144}</UniqueIdentifier>
    </Filter>
    <Filter Include="Source Files">
      <UniqueIdentifier>{64f64978-4c25-4c56-9fc1-6f57d24616d5}</UniqueIdentifier>
    </Filter>
  </ItemGroup>
  <ItemGroup>
    <ClInclude Include="..\Trace.h">
      <Filter>Header Files</Filter>
    </ClInclude>
    <ClInclude Include="..\TraceCOM.h">
      <Filter>Header Files</Filter>
    </ClInclude>
    <ClInclude Include="..\TraceDebug.h">
      <Filter>Header Files</Filter>
    </ClInclude>
    <ClInclude Include="..\TraceError.h">
      <Filter>Header Files</Filter>
    </ClInclude>
    <ClInclude Include="..\TraceFormat.h">
      <Filter>Header Files</Filter>
    </ClInclude>
    <ClInclude Include="..\TraceLibPQ.h">
      <Filter>Header Files</Filter>
    </ClInclude>
    <ClInclude Include="..\TraceOCI.h">
      <Filter>Header Files</Filter>
    </ClInclude>
    <ClInclude Include="..\TraceODBC.h">
      <Filter>Header Files</Filter>
    </ClInclude>
    <ClInclude Include="..\TracePKCS11.h">
      <Filter>Header Files</Filter>
    </ClInclude>
    <ClInclude Include="..\TracePosix.h">
      <Filter>Header Files</Filter>
    </ClInclude>
    <ClInclude Include="..\TracePython.h">
      <Filter>Header Files</Filter>
    </ClInclude>
    <ClInclude Include="..\TraceUTF.h">
      <Filter>Header Files</Filter>
    </ClInclude>
    <ClInclude Include="..\TraceWindows.h">
      <Filter>Header Files</Filter>
    </ClInclude>
    <ClInclude Include="stdafx.h">
      <Filter>Header Files</Filter>
    </ClInclude>
  </ItemGroup>
  <ItemGroup>
    <ClCompile Include="stdafx.cpp">
      <Filter>Source Files</Filter>
    </ClCompile>
  </ItemGroup>
</Project>