<?xml version="1.0" encoding="utf-8"?>
<Project ToolsVersion="4.0" xmlns="http://schemas.microsoft.com/developer/msbuild/2003">
  <ItemGroup>
    <Filter Include="Source Files">
      <UniqueIdentifier>{4FC737F1-C7A5-4376-A066-2A32D752A2FF}</UniqueIdentifier>
      <Extensions>cpp;c;cc;cxx;def;odl;idl;hpj;bat;asm;asmx</Extensions>
    </Filter>
    <Filter Include="Header Files">
      <UniqueIdentifier>{93995380-89BD-4b04-88EB-625FBE52EBFB}</UniqueIdentifier>
      <Extensions>h;hpp;hxx;hm;inl;inc;xsd</Extensions>
    </Filter>
    <Filter Include="Resource Files">
      <UniqueIdentifier>{67DA6AB6-F800-4c08-8B7A-83BB121AAD01}</UniqueIdentifier>
      <Extensions>rc;ico;cur;bmp;dlg;rc2;rct;bin;rgs;gif;jpg;jpeg;jpe;resx</Extensions>
    </Filter>
    <Filter Include="Header Files\Hash">
      <UniqueIdentifier>{892ffdc3-7f1b-4e8c-93b7-c8a8e34a9cf1}</UniqueIdentifier>
    </Filter>
    <Filter Include="Header Files\MAC">
      <UniqueIdentifier>{3e3ef03a-57c4-4abf-9be0-3f29129791d5}</UniqueIdentifier>
    </Filter>
    <Filter Include="Header Files\Cipher">
      <UniqueIdentifier>{2e19412a-48eb-4f72-87a2-90f0e9ecc71c}</UniqueIdentifier>
    </Filter>
    <Filter Include="Source Files\MAC">
      <UniqueIdentifier>{30a44348-ac43-415e-87f2-dcd6631664ce}</UniqueIdentifier>
    </Filter>
    <Filter Include="Source Files\Cipher">
      <UniqueIdentifier>{39637398-92b8-4639-8872-c95a1788d745}</UniqueIdentifier>
    </Filter>
    <Filter Include="Header Files\GOST34310">
      <UniqueIdentifier>{b0384954-359b-47e5-85ef-b79405f45f82}</UniqueIdentifier>
    </Filter>
    <Filter Include="Source Files\GOST34310">
      <UniqueIdentifier>{815ff37d-e1a2-45f1-acc3-0303b37e36b7}</UniqueIdentifier>
    </Filter>
    <Filter Include="Header Files\Sign">
      <UniqueIdentifier>{ff2058df-bde1-44fd-9ec1-df3b412f8362}</UniqueIdentifier>
    </Filter>
    <Filter Include="Header Files\Sign\GOST34310">
      <UniqueIdentifier>{33de5c22-3671-4daa-858b-68d0ff2dad26}</UniqueIdentifier>
    </Filter>
    <Filter Include="Source Files\Sign">
      <UniqueIdentifier>{5320ca7d-ecb1-4ded-8930-a4c124d4e201}</UniqueIdentifier>
    </Filter>
    <Filter Include="Header Files\Keyx">
      <UniqueIdentifier>{83eeba52-38fa-42ff-b5b2-c89bbcff9659}</UniqueIdentifier>
    </Filter>
    <Filter Include="Header Files\Keyx\GOST34310">
      <UniqueIdentifier>{53522adc-ee5d-48c3-9fd1-814af2cf3bf3}</UniqueIdentifier>
    </Filter>
    <Filter Include="Source Files\Keyx">
      <UniqueIdentifier>{21135015-20a3-4812-b6d6-0209de155190}</UniqueIdentifier>
    </Filter>
    <Filter Include="Source Files\Keyx\GOST34310">
      <UniqueIdentifier>{85f7fd8c-aee4-4931-b228-4468c8ab1273}</UniqueIdentifier>
    </Filter>
    <Filter Include="Header Files\RSA">
      <UniqueIdentifier>{12b6ea7d-f82c-46b9-805a-5d9dcb6f98f8}</UniqueIdentifier>
    </Filter>
    <Filter Include="Source Files\RSA">
      <UniqueIdentifier>{f5d696d8-3500-4be8-80fa-691cdc2a568b}</UniqueIdentifier>
    </Filter>
    <Filter Include="Header Files\Sign\RSA">
      <UniqueIdentifier>{419373b6-13c8-49f6-a13a-00227dd5e0ff}</UniqueIdentifier>
    </Filter>
    <Filter Include="Source Files\Sign\RSA">
      <UniqueIdentifier>{988c36bf-6d9a-432a-9eaa-3c081160fca3}</UniqueIdentifier>
    </Filter>
    <Filter Include="Source Files\Sign\GOST34310">
      <UniqueIdentifier>{34f493f7-ceeb-4a11-ad20-d6ebf428ac47}</UniqueIdentifier>
    </Filter>
  </ItemGroup>
  <ItemGroup>
    <ClCompile Include="Stdafx.cpp">
      <Filter>Source Files</Filter>
    </ClCompile>
    <ClCompile Include="Entry.cpp">
      <Filter>Source Files</Filter>
    </ClCompile>
    <ClCompile Include="Info.cpp">
      <Filter>Source Files</Filter>
    </ClCompile>
    <ClCompile Include="Test.cpp">
      <Filter>Source Files</Filter>
    </ClCompile>
    <ClCompile Include="Provider.cpp">
      <Filter>Source Files</Filter>
    </ClCompile>
    <ClCompile Include="Container.cpp">
      <Filter>Source Files</Filter>
    </ClCompile>
    <ClCompile Include="MAC\HMAC_GOST34311.cpp">
      <Filter>Source Files\MAC</Filter>
    </ClCompile>
    <ClCompile Include="Cipher\GOST28147.cpp">
      <Filter>Source Files\Cipher</Filter>
    </ClCompile>
    <ClCompile Include="SCardStores.cpp">
      <Filter>Source Files</Filter>
    </ClCompile>
    <ClCompile Include="SecretKeyType.cpp">
      <Filter>Source Files</Filter>
    </ClCompile>
    <ClCompile Include="Sign\RSA\RSASignHash.cpp">
      <Filter>Source Files\Sign\RSA</Filter>
    </ClCompile>
    <ClCompile Include="Sign\GOST34310\GOST34310SignHash.cpp">
      <Filter>Source Files\Sign\GOST34310</Filter>
    </ClCompile>
    <ClCompile Include="Sign\GOST34310\GOST34310VerifyHash.cpp">
      <Filter>Source Files\Sign\GOST34310</Filter>
    </ClCompile>
    <ClCompile Include="RSA\RSAKeyPairGenerator.cpp">
      <Filter>Source Files\RSA</Filter>
    </ClCompile>
    <ClCompile Include="MAC\MAC_GOST28147.cpp">
      <Filter>Source Files\MAC</Filter>
    </ClCompile>
    <ClCompile Include="GOST34310\GOST34310KeyPairGenerator.cpp">
      <Filter>Source Files\GOST34310</Filter>
    </ClCompile>
    <ClCompile Include="Keyx\GOST34310\GOST34310TransportAgreement.cpp">
      <Filter>Source Files\Keyx\GOST34310</Filter>
    </ClCompile>
    <ClCompile Include="Keyx\GOST34310\GOST34310TransportKeyUnwrap.cpp">
      <Filter>Source Files\Keyx\GOST34310</Filter>
    </ClCompile>
    <ClCompile Include="Keyx\GOST34310\GOST34310TransportKeyWrap.cpp">
      <Filter>Source Files\Keyx\GOST34310</Filter>
    </ClCompile>
  </ItemGroup>
  <ItemGroup>
    <ClInclude Include="Stdafx.h">
      <Filter>Header Files</Filter>
    </ClInclude>
    <ClInclude Include="resource.h">
      <Filter>Header Files</Filter>
    </ClInclude>
    <ClInclude Include="Provider.h">
      <Filter>Header Files</Filter>
    </ClInclude>
    <ClInclude Include="cptumar.h">
      <Filter>Header Files</Filter>
    </ClInclude>
    <ClInclude Include="Container.h">
      <Filter>Header Files</Filter>
    </ClInclude>
    <ClInclude Include="Hash\GOST34311.h">
      <Filter>Header Files\Hash</Filter>
    </ClInclude>
    <ClInclude Include="MAC\HMAC_GOST34311.h">
      <Filter>Header Files\MAC</Filter>
    </ClInclude>
    <ClInclude Include="Cipher\GOST28147.h">
      <Filter>Header Files\Cipher</Filter>
    </ClInclude>
    <ClInclude Include="SCardStores.h">
      <Filter>Header Files</Filter>
    </ClInclude>
    <ClInclude Include="SecretKeyType.h">
      <Filter>Header Files</Filter>
    </ClInclude>
    <ClInclude Include="GOST34310\GOST34310KeyPairGenerator.h">
      <Filter>Header Files\GOST34310</Filter>
    </ClInclude>
    <ClInclude Include="GOST34310\GOST34310PrivateKey.h">
      <Filter>Header Files\GOST34310</Filter>
    </ClInclude>
    <ClInclude Include="GOST34310\GOST34310Provider.h">
      <Filter>Header Files\GOST34310</Filter>
    </ClInclude>
    <ClInclude Include="Keyx\GOST34310\GOST34310TransportAgreement.h">
      <Filter>Header Files\Keyx\GOST34310</Filter>
    </ClInclude>
    <ClInclude Include="Keyx\GOST34310\GOST34310TransportKeyUnwrap.h">
      <Filter>Header Files\Keyx\GOST34310</Filter>
    </ClInclude>
    <ClInclude Include="Keyx\GOST34310\GOST34310TransportKeyWrap.h">
      <Filter>Header Files\Keyx\GOST34310</Filter>
    </ClInclude>
    <ClInclude Include="MAC\MAC_GOST28147.h">
      <Filter>Header Files\MAC</Filter>
    </ClInclude>
    <ClInclude Include="RSA\RSAKeyPairGenerator.h">
      <Filter>Header Files\RSA</Filter>
    </ClInclude>
    <ClInclude Include="RSA\RSAProvider.h">
      <Filter>Header Files\RSA</Filter>
    </ClInclude>
    <ClInclude Include="Sign\GOST34310\GOST34310SignHash.h">
      <Filter>Header Files\Sign\GOST34310</Filter>
    </ClInclude>
    <ClInclude Include="Sign\GOST34310\GOST34310VerifyHash.h">
      <Filter>Header Files\Sign\GOST34310</Filter>
    </ClInclude>
    <ClInclude Include="Sign\RSA\RSASignHash.h">
      <Filter>Header Files\Sign\RSA</Filter>
    </ClInclude>
    <ClInclude Include="Sign\RSA\RSAVerifyHash.h">
      <Filter>Header Files\Sign\RSA</Filter>
    </ClInclude>
  </ItemGroup>
  <ItemGroup>
    <ResourceCompile Include="Aladdin.CAPI.CSP.Tumar.rc">
      <Filter>Resource Files</Filter>
    </ResourceCompile>
  </ItemGroup>
</Project>